
Microsoft Visual Studio Solution File, Format Version 12.00
# Visual Studio Version 17
VisualStudioVersion = 17.4.33205.214
MinimumVisualStudioVersion = 10.0.40219.1
Project("{9A19103F-16F7-4668-BE54-9A1E7A4F7556}") = "PrimulMeuCursDeGrafica", "PrimulMeuCursDeGrafica.csproj", "{6A3EF29D-1817-4BA4-9FF4-F6BF1D387588}"
EndProject
Project("{FAE04EC0-301F-11D3-BF4B-00C04F79EFBC}") = "Grafica_C2", "..\Grafica_C2\Grafica_C2.csproj", "{97858BD7-30B1-400E-AC3A-9A7A7B619018}"
EndProject
Project("{FAE04EC0-301F-11D3-BF4B-00C04F79EFBC}") = "ImageProcessing", "..\ImageProcessing\ImageProcessing.csproj", "{12A32026-F832-4B69-88BB-FFA5DDFF7153}"
EndProject
Project("{FAE04EC0-301F-11D3-BF4B-00C04F79EFBC}") = "2D3D", "..\2D3D\2D3D.csproj", "{DDB62529-A2A6-4E9F-9BE7-6FFA257BEDC4}"
EndProject
Project("{FAE04EC0-301F-11D3-BF4B-00C04F79EFBC}") = "Multigraf", "..\Multigraf\Multigraf.csproj", "{B88A5923-52E6-4C80-B32D-5980435E3CDA}"
EndProject
Project("{FAE04EC0-301F-11D3-BF4B-00C04F79EFBC}") = "PoligonIntersectFill", "..\PoligonIntersectFill\PoligonIntersectFill.csproj", "{5B3EE86F-E66B-4818-AAA2-EE293B063DE5}"
EndProject
Project("{FAE04EC0-301F-11D3-BF4B-00C04F79EFBC}") = "ArnoldsCatMap", "..\ArnoldsCatMap\ArnoldsCatMap.csproj", "{FE2CF690-0810-4B1A-8E63-D43F67A4E99A}"
EndProject
Global
	GlobalSection(SolutionConfigurationPlatforms) = preSolution
		Debug|Any CPU = Debug|Any CPU
		Release|Any CPU = Release|Any CPU
	EndGlobalSection
	GlobalSection(ProjectConfigurationPlatforms) = postSolution
		{6A3EF29D-1817-4BA4-9FF4-F6BF1D387588}.Debug|Any CPU.ActiveCfg = Debug|Any CPU
		{6A3EF29D-1817-4BA4-9FF4-F6BF1D387588}.Debug|Any CPU.Build.0 = Debug|Any CPU
		{6A3EF29D-1817-4BA4-9FF4-F6BF1D387588}.Release|Any CPU.ActiveCfg = Release|Any CPU
		{6A3EF29D-1817-4BA4-9FF4-F6BF1D387588}.Release|Any CPU.Build.0 = Release|Any CPU
		{97858BD7-30B1-400E-AC3A-9A7A7B619018}.Debug|Any CPU.ActiveCfg = Debug|Any CPU
		{97858BD7-30B1-400E-AC3A-9A7A7B619018}.Debug|Any CPU.Build.0 = Debug|Any CPU
		{97858BD7-30B1-400E-AC3A-9A7A7B619018}.Release|Any CPU.ActiveCfg = Release|Any CPU
		{97858BD7-30B1-400E-AC3A-9A7A7B619018}.Release|Any CPU.Build.0 = Release|Any CPU
		{12A32026-F832-4B69-88BB-FFA5DDFF7153}.Debug|Any CPU.ActiveCfg = Debug|Any CPU
		{12A32026-F832-4B69-88BB-FFA5DDFF7153}.Debug|Any CPU.Build.0 = Debug|Any CPU
		{12A32026-F832-4B69-88BB-FFA5DDFF7153}.Release|Any CPU.ActiveCfg = Release|Any CPU
		{12A32026-F832-4B69-88BB-FFA5DDFF7153}.Release|Any CPU.Build.0 = Release|Any CPU
		{DDB62529-A2A6-4E9F-9BE7-6FFA257BEDC4}.Debug|Any CPU.ActiveCfg = Debug|Any CPU
		{DDB62529-A2A6-4E9F-9BE7-6FFA257BEDC4}.Debug|Any CPU.Build.0 = Debug|Any CPU
		{DDB62529-A2A6-4E9F-9BE7-6FFA257BEDC4}.Release|Any CPU.ActiveCfg = Release|Any CPU
		{DDB62529-A2A6-4E9F-9BE7-6FFA257BEDC4}.Release|Any CPU.Build.0 = Release|Any CPU
		{B88A5923-52E6-4C80-B32D-5980435E3CDA}.Debug|Any CPU.ActiveCfg = Debug|Any CPU
		{B88A5923-52E6-4C80-B32D-5980435E3CDA}.Debug|Any CPU.Build.0 = Debug|Any CPU
		{B88A5923-52E6-4C80-B32D-5980435E3CDA}.Release|Any CPU.ActiveCfg = Release|Any CPU
		{B88A5923-52E6-4C80-B32D-5980435E3CDA}.Release|Any CPU.Build.0 = Release|Any CPU
		{5B3EE86F-E66B-4818-AAA2-EE293B063DE5}.Debug|Any CPU.ActiveCfg = Debug|Any CPU
		{5B3EE86F-E66B-4818-AAA2-EE293B063DE5}.Debug|Any CPU.Build.0 = Debug|Any CPU
		{5B3EE86F-E66B-4818-AAA2-EE293B063DE5}.Release|Any CPU.ActiveCfg = Release|Any CPU
		{5B3EE86F-E66B-4818-AAA2-EE293B063DE5}.Release|Any CPU.Build.0 = Release|Any CPU
		{FE2CF690-0810-4B1A-8E63-D43F67A4E99A}.Debug|Any CPU.ActiveCfg = Debug|Any CPU
		{FE2CF690-0810-4B1A-8E63-D43F67A4E99A}.Debug|Any CPU.Build.0 = Debug|Any CPU
		{FE2CF690-0810-4B1A-8E63-D43F67A4E99A}.Release|Any CPU.ActiveCfg = Release|Any CPU
		{FE2CF690-0810-4B1A-8E63-D43F67A4E99A}.Release|Any CPU.Build.0 = Release|Any CPU
	EndGlobalSection
	GlobalSection(SolutionProperties) = preSolution
		HideSolutionNode = FALSE
	EndGlobalSection
	GlobalSection(ExtensibilityGlobals) = postSolution
		SolutionGuid = {A9BCAA8E-FD55-4B24-87FA-C175C23B4AFB}
	EndGlobalSection
EndGlobal
